
Microsoft Visual Studio Solution File, Format Version 12.00
Project("{2150E333-8FDC-42A3-9474-1A3956D46DE8}") = "src", "src", "{B52653F9-1AD7-4E1A-A52A-C4B24A0BEEBB}"
EndProject
Project("{2150E333-8FDC-42A3-9474-1A3956D46DE8}") = "tests", "tests", "{56E82D05-E5FD-479D-BC96-7B67F2AFE9C4}"
EndProject
Project("{2150E333-8FDC-42A3-9474-1A3956D46DE8}") = "ArchitectureTests", "ArchitectureTests", "{FF3B44BB-BFBD-4570-81AD-8F91C2B36FBE}"
EndProject
Project("{2150E333-8FDC-42A3-9474-1A3956D46DE8}") = "IntegrationTests", "IntegrationTests", "{B43AD7AB-92B6-450B-815C-47D65EF25C26}"
EndProject
Project("{2150E333-8FDC-42A3-9474-1A3956D46DE8}") = "NamingTests", "NamingTests", "{09417E61-1404-49CA-8AB9-9B28E8B8E655}"
EndProject
Project("{2150E333-8FDC-42A3-9474-1A3956D46DE8}") = "UnitTests", "UnitTests", "{FB22A206-30CF-4CAB-B640-43EA75A6BAF1}"
EndProject
Project("{FAE04EC0-301F-11D3-BF4B-00C04F79EFBC}") = "FiloShop.ArchitectureTests", "FiloShop.ArchitectureTests\FiloShop.ArchitectureTests.csproj", "{4A30056D-D61B-42AC-897F-FB82D2FB4A5A}"
EndProject
Project("{FAE04EC0-301F-11D3-BF4B-00C04F79EFBC}") = "FiloShop.IntegrationTests", "FiloShop.IntegrationTests\FiloShop.IntegrationTests.csproj", "{5DB16B6F-7105-425D-BB11-DC95D92D3F7A}"
EndProject
Project("{FAE04EC0-301F-11D3-BF4B-00C04F79EFBC}") = "FiloShop.NamingTests", "FiloShop.NamingTests\FiloShop.NamingTests.csproj", "{C37DFBF6-BE58-4D8D-B0DA-497D009189CA}"
EndProject
Project("{FAE04EC0-301F-11D3-BF4B-00C04F79EFBC}") = "FiloShop.Domain.UnitTests", "FiloShop.Domain.UnitTests\FiloShop.Domain.UnitTests.csproj", "{FDE2E961-343A-42BE-8888-357688907F17}"
EndProject
Project("{FAE04EC0-301F-11D3-BF4B-00C04F79EFBC}") = "FiloShop.SharedKernel", "FiloShop.SharedKernel\FiloShop.SharedKernel.csproj", "{620AC331-9D85-496D-BA12-079C53C34236}"
EndProject
Project("{FAE04EC0-301F-11D3-BF4B-00C04F79EFBC}") = "FiloShop.Presentation", "FiloShop.Presentation\FiloShop.Presentation.csproj", "{9BBEB359-52B2-4588-AE2D-4D31F18593A1}"
EndProject
Project("{FAE04EC0-301F-11D3-BF4B-00C04F79EFBC}") = "FiloShop.Domain", "FiloShop.Domain\FiloShop.Domain.csproj", "{78526E0B-BF22-4031-8DE5-4D905E61D728}"
EndProject
Project("{FAE04EC0-301F-11D3-BF4B-00C04F79EFBC}") = "FiloShop.Application", "FiloShop.Application\FiloShop.Application.csproj", "{CF69FFB6-D38C-419F-80AD-8B7419EB8C63}"
EndProject
Project("{2150E333-8FDC-42A3-9474-1A3956D46DE8}") = "Infrastructure", "Infrastructure", "{E6198EF1-84C9-428F-8D37-F3791E4F3786}"
EndProject
Project("{FAE04EC0-301F-11D3-BF4B-00C04F79EFBC}") = "FiloShop.Infrastructre.Persistence", "FiloShop.Infrastructre.Persistence\FiloShop.Infrastructre.Persistence.csproj", "{BEBB30D4-B6B2-49D6-81A7-7A96D396178D}"
EndProject
Project("{FAE04EC0-301F-11D3-BF4B-00C04F79EFBC}") = "FiloShop.Infrastructure.Services", "FiloShop.Infrastructure.Services\FiloShop.Infrastructure.Services.csproj", "{6645AB69-45C7-4788-A766-A3C7690BC050}"
EndProject
Project("{FAE04EC0-301F-11D3-BF4B-00C04F79EFBC}") = "FiloShop.Api", "FiloShop.Api\FiloShop.Api.csproj", "{B15D179C-6A5E-4F82-91DA-8520EE544388}"
EndProject
Project("{2150E333-8FDC-42A3-9474-1A3956D46DE8}") = "solutionitems", "solutionitems", "{5449A679-11EF-4AF5-ABA4-2F375BB127B9}"
	ProjectSection(SolutionItems) = preProject
		.github\workflows\build.yml = .github\workflows\build.yml
		README.md = README.md
		LICENSE.md = LICENSE.md
		CONTRIBUTION.md = CONTRIBUTION.md
	EndProjectSection
EndProject
Global
	GlobalSection(SolutionConfigurationPlatforms) = preSolution
		Debug|Any CPU = Debug|Any CPU
		Release|Any CPU = Release|Any CPU
	EndGlobalSection
	GlobalSection(NestedProjects) = preSolution
		{FF3B44BB-BFBD-4570-81AD-8F91C2B36FBE} = {56E82D05-E5FD-479D-BC96-7B67F2AFE9C4}
		{B43AD7AB-92B6-450B-815C-47D65EF25C26} = {56E82D05-E5FD-479D-BC96-7B67F2AFE9C4}
		{09417E61-1404-49CA-8AB9-9B28E8B8E655} = {56E82D05-E5FD-479D-BC96-7B67F2AFE9C4}
		{FB22A206-30CF-4CAB-B640-43EA75A6BAF1} = {56E82D05-E5FD-479D-BC96-7B67F2AFE9C4}
		{4A30056D-D61B-42AC-897F-FB82D2FB4A5A} = {FF3B44BB-BFBD-4570-81AD-8F91C2B36FBE}
		{5DB16B6F-7105-425D-BB11-DC95D92D3F7A} = {B43AD7AB-92B6-450B-815C-47D65EF25C26}
		{C37DFBF6-BE58-4D8D-B0DA-497D009189CA} = {09417E61-1404-49CA-8AB9-9B28E8B8E655}
		{FDE2E961-343A-42BE-8888-357688907F17} = {FB22A206-30CF-4CAB-B640-43EA75A6BAF1}
		{620AC331-9D85-496D-BA12-079C53C34236} = {B52653F9-1AD7-4E1A-A52A-C4B24A0BEEBB}
		{9BBEB359-52B2-4588-AE2D-4D31F18593A1} = {B52653F9-1AD7-4E1A-A52A-C4B24A0BEEBB}
		{78526E0B-BF22-4031-8DE5-4D905E61D728} = {B52653F9-1AD7-4E1A-A52A-C4B24A0BEEBB}
		{CF69FFB6-D38C-419F-80AD-8B7419EB8C63} = {B52653F9-1AD7-4E1A-A52A-C4B24A0BEEBB}
		{E6198EF1-84C9-428F-8D37-F3791E4F3786} = {B52653F9-1AD7-4E1A-A52A-C4B24A0BEEBB}
		{BEBB30D4-B6B2-49D6-81A7-7A96D396178D} = {E6198EF1-84C9-428F-8D37-F3791E4F3786}
		{6645AB69-45C7-4788-A766-A3C7690BC050} = {E6198EF1-84C9-428F-8D37-F3791E4F3786}
		{B15D179C-6A5E-4F82-91DA-8520EE544388} = {B52653F9-1AD7-4E1A-A52A-C4B24A0BEEBB}
	EndGlobalSection
	GlobalSection(ProjectConfigurationPlatforms) = postSolution
		{4A30056D-D61B-42AC-897F-FB82D2FB4A5A}.Debug|Any CPU.ActiveCfg = Debug|Any CPU
		{4A30056D-D61B-42AC-897F-FB82D2FB4A5A}.Debug|Any CPU.Build.0 = Debug|Any CPU
		{4A30056D-D61B-42AC-897F-FB82D2FB4A5A}.Release|Any CPU.ActiveCfg = Release|Any CPU
		{4A30056D-D61B-42AC-897F-FB82D2FB4A5A}.Release|Any CPU.Build.0 = Release|Any CPU
		{5DB16B6F-7105-425D-BB11-DC95D92D3F7A}.Debug|Any CPU.ActiveCfg = Debug|Any CPU
		{5DB16B6F-7105-425D-BB11-DC95D92D3F7A}.Debug|Any CPU.Build.0 = Debug|Any CPU
		{5DB16B6F-7105-425D-BB11-DC95D92D3F7A}.Release|Any CPU.ActiveCfg = Release|Any CPU
		{5DB16B6F-7105-425D-BB11-DC95D92D3F7A}.Release|Any CPU.Build.0 = Release|Any CPU
		{C37DFBF6-BE58-4D8D-B0DA-497D009189CA}.Debug|Any CPU.ActiveCfg = Debug|Any CPU
		{C37DFBF6-BE58-4D8D-B0DA-497D009189CA}.Debug|Any CPU.Build.0 = Debug|Any CPU
		{C37DFBF6-BE58-4D8D-B0DA-497D009189CA}.Release|Any CPU.ActiveCfg = Release|Any CPU
		{C37DFBF6-BE58-4D8D-B0DA-497D009189CA}.Release|Any CPU.Build.0 = Release|Any CPU
		{FDE2E961-343A-42BE-8888-357688907F17}.Debug|Any CPU.ActiveCfg = Debug|Any CPU
		{FDE2E961-343A-42BE-8888-357688907F17}.Debug|Any CPU.Build.0 = Debug|Any CPU
		{FDE2E961-343A-42BE-8888-357688907F17}.Release|Any CPU.ActiveCfg = Release|Any CPU
		{FDE2E961-343A-42BE-8888-357688907F17}.Release|Any CPU.Build.0 = Release|Any CPU
		{620AC331-9D85-496D-BA12-079C53C34236}.Debug|Any CPU.ActiveCfg = Debug|Any CPU
		{620AC331-9D85-496D-BA12-079C53C34236}.Debug|Any CPU.Build.0 = Debug|Any CPU
		{620AC331-9D85-496D-BA12-079C53C34236}.Release|Any CPU.ActiveCfg = Release|Any CPU
		{620AC331-9D85-496D-BA12-079C53C34236}.Release|Any CPU.Build.0 = Release|Any CPU
		{9BBEB359-52B2-4588-AE2D-4D31F18593A1}.Debug|Any CPU.ActiveCfg = Debug|Any CPU
		{9BBEB359-52B2-4588-AE2D-4D31F18593A1}.Debug|Any CPU.Build.0 = Debug|Any CPU
		{9BBEB359-52B2-4588-AE2D-4D31F18593A1}.Release|Any CPU.ActiveCfg = Release|Any CPU
		{9BBEB359-52B2-4588-AE2D-4D31F18593A1}.Release|Any CPU.Build.0 = Release|Any CPU
		{78526E0B-BF22-4031-8DE5-4D905E61D728}.Debug|Any CPU.ActiveCfg = Debug|Any CPU
		{78526E0B-BF22-4031-8DE5-4D905E61D728}.Debug|Any CPU.Build.0 = Debug|Any CPU
		{78526E0B-BF22-4031-8DE5-4D905E61D728}.Release|Any CPU.ActiveCfg = Release|Any CPU
		{78526E0B-BF22-4031-8DE5-4D905E61D728}.Release|Any CPU.Build.0 = Release|Any CPU
		{CF69FFB6-D38C-419F-80AD-8B7419EB8C63}.Debug|Any CPU.ActiveCfg = Debug|Any CPU
		{CF69FFB6-D38C-419F-80AD-8B7419EB8C63}.Debug|Any CPU.Build.0 = Debug|Any CPU
		{CF69FFB6-D38C-419F-80AD-8B7419EB8C63}.Release|Any CPU.ActiveCfg = Release|Any CPU
		{CF69FFB6-D38C-419F-80AD-8B7419EB8C63}.Release|Any CPU.Build.0 = Release|Any CPU
		{BEBB30D4-B6B2-49D6-81A7-7A96D396178D}.Debug|Any CPU.ActiveCfg = Debug|Any CPU
		{BEBB30D4-B6B2-49D6-81A7-7A96D396178D}.Debug|Any CPU.Build.0 = Debug|Any CPU
		{BEBB30D4-B6B2-49D6-81A7-7A96D396178D}.Release|Any CPU.ActiveCfg = Release|Any CPU
		{BEBB30D4-B6B2-49D6-81A7-7A96D396178D}.Release|Any CPU.Build.0 = Release|Any CPU
		{6645AB69-45C7-4788-A766-A3C7690BC050}.Debug|Any CPU.ActiveCfg = Debug|Any CPU
		{6645AB69-45C7-4788-A766-A3C7690BC050}.Debug|Any CPU.Build.0 = Debug|Any CPU
		{6645AB69-45C7-4788-A766-A3C7690BC050}.Release|Any CPU.ActiveCfg = Release|Any CPU
		{6645AB69-45C7-4788-A766-A3C7690BC050}.Release|Any CPU.Build.0 = Release|Any CPU
		{B15D179C-6A5E-4F82-91DA-8520EE544388}.Debug|Any CPU.ActiveCfg = Debug|Any CPU
		{B15D179C-6A5E-4F82-91DA-8520EE544388}.Debug|Any CPU.Build.0 = Debug|Any CPU
		{B15D179C-6A5E-4F82-91DA-8520EE544388}.Release|Any CPU.ActiveCfg = Release|Any CPU
		{B15D179C-6A5E-4F82-91DA-8520EE544388}.Release|Any CPU.Build.0 = Release|Any CPU
	EndGlobalSection
EndGlobal
